dependencies:
- name: redis
  repository: oci://registry-1.docker.io/bitnamicharts
  version: 18.12.1
- name: postgresql
  repository: oci://registry-1.docker.io/bitnamicharts
  version: 14.0.4
digest: sha256:c510a84973277888dd59c9b3a9680746191e74399856b42ad176ef1de400cefe
generated: "2024-02-09T10:54:39.803392003+04:00"
